
Microsoft Visual Studio Solution File, Format Version 12.00
# Visual Studio 15
VisualStudioVersion = 15.0.27703.2042
MinimumVisualStudioVersion = 10.0.40219.1
Project("{9A19103F-16F7-4668-BE54-9A1E7A4F7556}") = "AWSLambdaLab", "AWSLambdaLab\AWSLambdaLab.csproj", "{5A4CCBA0-2C28-499D-8F47-0C3B772891E8}"
EndProject
Project("{9A19103F-16F7-4668-BE54-9A1E7A4F7556}") = "AWSLambdaLab.Tests", "AWSLambdaLab.Tests\AWSLambdaLab.Tests.csproj", "{2ABC3CD0-4830-4A09-B010-BC88FBA5C67B}"
EndProject
Global
	GlobalSection(SolutionConfigurationPlatforms) = preSolution
		Debug|Any CPU = Debug|Any CPU
		Release|Any CPU = Release|Any CPU
	EndGlobalSection
	GlobalSection(ProjectConfigurationPlatforms) = postSolution
		{5A4CCBA0-2C28-499D-8F47-0C3B772891E8}.Debug|Any CPU.ActiveCfg = Debug|Any CPU
		{5A4CCBA0-2C28-499D-8F47-0C3B772891E8}.Debug|Any CPU.Build.0 = Debug|Any CPU
		{5A4CCBA0-2C28-499D-8F47-0C3B772891E8}.Release|Any CPU.ActiveCfg = Release|Any CPU
		{5A4CCBA0-2C28-499D-8F47-0C3B772891E8}.Release|Any CPU.Build.0 = Release|Any CPU
		{2ABC3CD0-4830-4A09-B010-BC88FBA5C67B}.Debug|Any CPU.ActiveCfg = Debug|Any CPU
		{2ABC3CD0-4830-4A09-B010-BC88FBA5C67B}.Debug|Any CPU.Build.0 = Debug|Any CPU
		{2ABC3CD0-4830-4A09-B010-BC88FBA5C67B}.Release|Any CPU.ActiveCfg = Release|Any CPU
		{2ABC3CD0-4830-4A09-B010-BC88FBA5C67B}.Release|Any CPU.Build.0 = Release|Any CPU
	EndGlobalSection
	GlobalSection(SolutionProperties) = preSolution
		HideSolutionNode = FALSE
	EndGlobalSection
	GlobalSection(ExtensibilityGlobals) = postSolution
		SolutionGuid = {D7E02FD9-2201-4DC2-945C-FC484420ED80}
	EndGlobalSection
EndGlobal
